
Microsoft Visual Studio Solution File, Format Version 10.00
# Visual Studio 2008
Project("{FAE04EC0-301F-11D3-BF4B-00C04F79EFBC}") = "Popbill.Taxinvoice", "PopbillExample\Popbill.Taxinvoice.Example.csharp\Popbill.Taxinvoice.csproj", "{708F0B07-2A02-45D0-B341-AB8CC325B976}"
EndProject
Project("{FAE04EC0-301F-11D3-BF4B-00C04F79EFBC}") = "Linkhub", "Linkhub\Linkhub.csproj", "{F960F70D-9C37-46F8-A1D4-938A81BE9855}"
EndProject
Project("{FAE04EC0-301F-11D3-BF4B-00C04F79EFBC}") = "Popbill", "Popbill\Popbill.csproj", "{57F03B3E-C713-443A-AC04-90291B429204}"
EndProject
Project("{FAE04EC0-301F-11D3-BF4B-00C04F79EFBC}") = "Popbill.Statement", "PopbillExample\Popbill.Statement\Popbill.Statement.csproj", "{FCC54411-6D52-4B9A-BF4A-A5D3A2713A61}"
EndProject
Project("{FAE04EC0-301F-11D3-BF4B-00C04F79EFBC}") = "Popbill.Cashbill", "PopbillExample\Popbill.Cashbill\Popbill.Cashbill.csproj", "{406CA10B-F227-4093-ABD4-D117C56C4298}"
EndProject
Project("{FAE04EC0-301F-11D3-BF4B-00C04F79EFBC}") = "Popbill.Message", "PopbillExample\Popbill.Messaging\Popbill.Message.csproj", "{5ECA3192-FC0C-428C-AFF9-B78B98984E6A}"
EndProject
Project("{FAE04EC0-301F-11D3-BF4B-00C04F79EFBC}") = "Popbill.Fax", "PopbillExample\Popbill.Fax\Popbill.Fax.csproj", "{959BC1BA-F075-4C64-BBCC-BF0FBF0E3EC3}"
EndProject
Project("{FAE04EC0-301F-11D3-BF4B-00C04F79EFBC}") = "Popbill.Closedown", "PopbillExample\Popbill.Closedown\Popbill.Closedown.csproj", "{4455DC3D-0EB5-4ADA-8921-C8C68CDEBA19}"
EndProject
Project("{FAE04EC0-301F-11D3-BF4B-00C04F79EFBC}") = "Popbill.HomeTax.Taxinvoice", "PopbillExample\Popbill.HomeTax.Taxinvoice\Popbill.HomeTax.Taxinvoice.csproj", "{BA4E9634-98CF-4A61-80E3-7914EA5DC197}"
EndProject
Project("{FAE04EC0-301F-11D3-BF4B-00C04F79EFBC}") = "Popbill.HomeTax.Cashbill", "PopbillExample\Popbill.HomeTax.Cashbill\Popbill.HomeTax.Cashbill.csproj", "{47786537-07CB-420A-A958-F0787C97A955}"
EndProject
Project("{FAE04EC0-301F-11D3-BF4B-00C04F79EFBC}") = "Popbill.Kakao", "PopbillExample\Popbill.Kakao\Popbill.Kakao.csproj", "{919AAC1C-3E42-4AD1-8B81-9107FD094991}"
EndProject
Global
	GlobalSection(SolutionConfigurationPlatforms) = preSolution
		Debug|Any CPU = Debug|Any CPU
		Release|Any CPU = Release|Any CPU
	EndGlobalSection
	GlobalSection(ProjectConfigurationPlatforms) = postSolution
		{708F0B07-2A02-45D0-B341-AB8CC325B976}.Debug|Any CPU.ActiveCfg = Debug|Any CPU
		{708F0B07-2A02-45D0-B341-AB8CC325B976}.Debug|Any CPU.Build.0 = Debug|Any CPU
		{708F0B07-2A02-45D0-B341-AB8CC325B976}.Release|Any CPU.ActiveCfg = Release|Any CPU
		{708F0B07-2A02-45D0-B341-AB8CC325B976}.Release|Any CPU.Build.0 = Release|Any CPU
		{F960F70D-9C37-46F8-A1D4-938A81BE9855}.Debug|Any CPU.ActiveCfg = Debug|Any CPU
		{F960F70D-9C37-46F8-A1D4-938A81BE9855}.Debug|Any CPU.Build.0 = Debug|Any CPU
		{F960F70D-9C37-46F8-A1D4-938A81BE9855}.Release|Any CPU.ActiveCfg = Release|Any CPU
		{F960F70D-9C37-46F8-A1D4-938A81BE9855}.Release|Any CPU.Build.0 = Release|Any CPU
		{57F03B3E-C713-443A-AC04-90291B429204}.Debug|Any CPU.ActiveCfg = Debug|Any CPU
		{57F03B3E-C713-443A-AC04-90291B429204}.Debug|Any CPU.Build.0 = Debug|Any CPU
		{57F03B3E-C713-443A-AC04-90291B429204}.Release|Any CPU.ActiveCfg = Release|Any CPU
		{57F03B3E-C713-443A-AC04-90291B429204}.Release|Any CPU.Build.0 = Release|Any CPU
		{FCC54411-6D52-4B9A-BF4A-A5D3A2713A61}.Debug|Any CPU.ActiveCfg = Debug|Any CPU
		{FCC54411-6D52-4B9A-BF4A-A5D3A2713A61}.Debug|Any CPU.Build.0 = Debug|Any CPU
		{FCC54411-6D52-4B9A-BF4A-A5D3A2713A61}.Release|Any CPU.ActiveCfg = Release|Any CPU
		{FCC54411-6D52-4B9A-BF4A-A5D3A2713A61}.Release|Any CPU.Build.0 = Release|Any CPU
		{406CA10B-F227-4093-ABD4-D117C56C4298}.Debug|Any CPU.ActiveCfg = Debug|Any CPU
		{406CA10B-F227-4093-ABD4-D117C56C4298}.Debug|Any CPU.Build.0 = Debug|Any CPU
		{406CA10B-F227-4093-ABD4-D117C56C4298}.Release|Any CPU.ActiveCfg = Release|Any CPU
		{406CA10B-F227-4093-ABD4-D117C56C4298}.Release|Any CPU.Build.0 = Release|Any CPU
		{5ECA3192-FC0C-428C-AFF9-B78B98984E6A}.Debug|Any CPU.ActiveCfg = Debug|Any CPU
		{5ECA3192-FC0C-428C-AFF9-B78B98984E6A}.Debug|Any CPU.Build.0 = Debug|Any CPU
		{5ECA3192-FC0C-428C-AFF9-B78B98984E6A}.Release|Any CPU.ActiveCfg = Release|Any CPU
		{5ECA3192-FC0C-428C-AFF9-B78B98984E6A}.Release|Any CPU.Build.0 = Release|Any CPU
		{959BC1BA-F075-4C64-BBCC-BF0FBF0E3EC3}.Debug|Any CPU.ActiveCfg = Debug|Any CPU
		{959BC1BA-F075-4C64-BBCC-BF0FBF0E3EC3}.Debug|Any CPU.Build.0 = Debug|Any CPU
		{959BC1BA-F075-4C64-BBCC-BF0FBF0E3EC3}.Release|Any CPU.ActiveCfg = Release|Any CPU
		{959BC1BA-F075-4C64-BBCC-BF0FBF0E3EC3}.Release|Any CPU.Build.0 = Release|Any CPU
		{4455DC3D-0EB5-4ADA-8921-C8C68CDEBA19}.Debug|Any CPU.ActiveCfg = Debug|Any CPU
		{4455DC3D-0EB5-4ADA-8921-C8C68CDEBA19}.Debug|Any CPU.Build.0 = Debug|Any CPU
		{4455DC3D-0EB5-4ADA-8921-C8C68CDEBA19}.Release|Any CPU.ActiveCfg = Release|Any CPU
		{4455DC3D-0EB5-4ADA-8921-C8C68CDEBA19}.Release|Any CPU.Build.0 = Release|Any CPU
		{BA4E9634-98CF-4A61-80E3-7914EA5DC197}.Debug|Any CPU.ActiveCfg = Debug|Any CPU
		{BA4E9634-98CF-4A61-80E3-7914EA5DC197}.Debug|Any CPU.Build.0 = Debug|Any CPU
		{BA4E9634-98CF-4A61-80E3-7914EA5DC197}.Release|Any CPU.ActiveCfg = Release|Any CPU
		{BA4E9634-98CF-4A61-80E3-7914EA5DC197}.Release|Any CPU.Build.0 = Release|Any CPU
		{47786537-07CB-420A-A958-F0787C97A955}.Debug|Any CPU.ActiveCfg = Debug|Any CPU
		{47786537-07CB-420A-A958-F0787C97A955}.Debug|Any CPU.Build.0 = Debug|Any CPU
		{47786537-07CB-420A-A958-F0787C97A955}.Release|Any CPU.ActiveCfg = Release|Any CPU
		{47786537-07CB-420A-A958-F0787C97A955}.Release|Any CPU.Build.0 = Release|Any CPU
		{919AAC1C-3E42-4AD1-8B81-9107FD094991}.Debug|Any CPU.ActiveCfg = Debug|Any CPU
		{919AAC1C-3E42-4AD1-8B81-9107FD094991}.Debug|Any CPU.Build.0 = Debug|Any CPU
		{919AAC1C-3E42-4AD1-8B81-9107FD094991}.Release|Any CPU.ActiveCfg = Release|Any CPU
		{919AAC1C-3E42-4AD1-8B81-9107FD094991}.Release|Any CPU.Build.0 = Release|Any CPU
	EndGlobalSection
	GlobalSection(SolutionProperties) = preSolution
		HideSolutionNode = FALSE
	EndGlobalSection
EndGlobal
